// !$*UTF8*$!
{
	archiveVersion = 1;
	classes = {
	};
	objectVersion = 55;
	objects = {

/* Begin PBXBuildFile section */
		3D27DC9028E9A02200C9A6B0 /* AppDelegate.swift in Sources */ = {isa = PBXBuildFile; fileRef = 3D27DC8F28E9A02200C9A6B0 /* AppDelegate.swift */; };
		3D27DC9228E9A02200C9A6B0 /* SceneDelegate.swift in Sources */ = {isa = PBXBuildFile; fileRef = 3D27DC9128E9A02200C9A6B0 /* SceneDelegate.swift */; };
		3D27DC9428E9A02200C9A6B0 /* ViewController.swift in Sources */ = {isa = PBXBuildFile; fileRef = 3D27DC9328E9A02200C9A6B0 /* ViewController.swift */; };
		3D27DC9728E9A02200C9A6B0 /* Main.storyboard in Resources */ = {isa = PBXBuildFile; fileRef = 3D27DC9528E9A02200C9A6B0 /* Main.storyboard */; };
		3D27DC9928E9A02300C9A6B0 /* Assets.xcassets in Resources */ = {isa = PBXBuildFile; fileRef = 3D27DC9828E9A02300C9A6B0 /* Assets.xcassets */; };
		3D27DC9C28E9A02300C9A6B0 /* LaunchScreen.storyboard in Resources */ = {isa = PBXBuildFile; fileRef = 3D27DC9A28E9A02300C9A6B0 /* LaunchScreen.storyboard */; };
		3D27DCA728E9A02300C9A6B0 /* listTests.swift in Sources */ = {isa = PBXBuildFile; fileRef = 3D27DCA628E9A02300C9A6B0 /* listTests.swift */; };
		3D27DCB128E9A02300C9A6B0 /* listUITests.swift in Sources */ = {isa = PBXBuildFile; fileRef = 3D27DCB028E9A02300C9A6B0 /* listUITests.swift */; };
		3D27DCB328E9A02300C9A6B0 /* listUITestsLaunchTests.swift in Sources */ = {isa = PBXBuildFile; fileRef = 3D27DCB228E9A02300C9A6B0 /* listUITestsLaunchTests.swift */; };
		3D27DCC028EC485000C9A6B0 /* memo.swift in Sources */ = {isa = PBXBuildFile; fileRef = 3D27DCBF28EC485000C9A6B0 /* memo.swift */; };
		3D27DCC428EC4B8900C9A6B0 /* TableViewController.swift in Sources */ = {isa = PBXBuildFile; fileRef = 3D27DCC328EC4B8900C9A6B0 /* TableViewController.swift */; };
/* End PBXBuildFile section */

/* Begin PBXContainerItemProxy section */
		3D27DCA328E9A02300C9A6B0 /* PBXContainerItemProxy */ = {
			isa = PBXContainerItemProxy;
			containerPortal = 3D27DC8428E9A02200C9A6B0 /* Project object */;
			proxyType = 1;
			remoteGlobalIDString = 3D27DC8B28E9A02200C9A6B0;
			remoteInfo = list;
		};
		3D27DCAD28E9A02300C9A6B0 /* PBXContainerItemProxy */ = {
			isa = PBXContainerItemProxy;
			containerPortal = 3D27DC8428E9A02200C9A6B0 /* Project object */;
			proxyType = 1;
			remoteGlobalIDString = 3D27DC8B28E9A02200C9A6B0;
			remoteInfo = list;
		};
/* End PBXContainerItemProxy section */

/* Begin PBXFileReference section */
		3D27DC8C28E9A02200C9A6B0 /* list.app */ = {isa = PBXFileReference; explicitFileType = wrapper.application; includeInIndex = 0; path = list.app; sourceTree = BUILT_PRODUCTS_DIR; };
		3D27DC8F28E9A02200C9A6B0 /* AppDelegate.swift */ = {isa = PBXFileReference; lastKnownFileType = sourcecode.swift; path = AppDelegate.swift; sourceTree = "<group>"; };
		3D27DC9128E9A02200C9A6B0 /* SceneDelegate.swift */ = {isa = PBXFileReference; lastKnownFileType = sourcecode.swift; path = SceneDelegate.swift; sourceTree = "<group>"; };
		3D27DC9328E9A02200C9A6B0 /* ViewController.swift */ = {isa = PBXFileReference; lastKnownFileType = sourcecode.swift; path = ViewController.swift; sourceTree = "<group>"; };
		3D27DC9628E9A02200C9A6B0 /* Base */ = {isa = PBXFileReference; lastKnownFileType = file.storyboard; name = Base; path = Base.lproj/Main.storyboard; sourceTree = "<group>"; };
		3D27DC9828E9A02300C9A6B0 /* Assets.xcassets */ = {isa = PBXFileReference; lastKnownFileType = folder.assetcatalog; path = Assets.xcassets; sourceTree = "<group>"; };
		3D27DC9B28E9A02300C9A6B0 /* Base */ = {isa = PBXFileReference; lastKnownFileType = file.storyboard; name = Base; path = Base.lproj/LaunchScreen.storyboard; sourceTree = "<group>"; };
		3D27DC9D28E9A02300C9A6B0 /* Info.plist */ = {isa = PBXFileReference; lastKnownFileType = text.plist.xml; path = Info.plist; sourceTree = "<group>"; };
		3D27DCA228E9A02300C9A6B0 /* listTests.xctest */ = {isa = PBXFileReference; explicitFileType = wrapper.cfbundle; includeInIndex = 0; path = listTests.xctest; sourceTree = BUILT_PRODUCTS_DIR; };
		3D27DCA628E9A02300C9A6B0 /* listTests.swift */ = {isa = PBXFileReference; lastKnownFileType = sourcecode.swift; path = listTests.swift; sourceTree = "<group>"; };
		3D27DCAC28E9A02300C9A6B0 /* listUITests.xctest */ = {isa = PBXFileReference; explicitFileType = wrapper.cfbundle; includeInIndex = 0; path = listUITests.xctest; sourceTree = BUILT_PRODUCTS_DIR; };
		3D27DCB028E9A02300C9A6B0 /* listUITests.swift */ = {isa = PBXFileReference; lastKnownFileType = sourcecode.swift; path = listUITests.swift; sourceTree = "<group>"; };
		3D27DCB228E9A02300C9A6B0 /* listUITestsLaunchTests.swift */ = {isa = PBXFileReference; lastKnownFileType = sourcecode.swift; path = listUITestsLaunchTests.swift; sourceTree = "<group>"; };
		3D27DCBF28EC485000C9A6B0 /* memo.swift */ = {isa = PBXFileReference; lastKnownFileType = sourcecode.swift; path = memo.swift; sourceTree = "<group>"; };
		3D27DCC328EC4B8900C9A6B0 /* TableViewController.swift */ = {isa = PBXFileReference; lastKnownFileType = sourcecode.swift; path = TableViewController.swift; sourceTree = "<group>"; };
/* End PBXFileReference section */

/* Begin PBXFrameworksBuildPhase section */
		3D27DC8928E9A02200C9A6B0 /* Frameworks */ = {
			isa = PBXFrameworksBuildPhase;
			buildActionMask = 2147483647;
			files = (
			);
			runOnlyForDeploymentPostprocessing = 0;
		};
		3D27DC9F28E9A02300C9A6B0 /* Frameworks */ = {
			isa = PBXFrameworksBuildPhase;
			buildActionMask = 2147483647;
			files = (
			);
			runOnlyForDeploymentPostprocessing = 0;
		};
		3D27DCA928E9A02300C9A6B0 /* Frameworks */ = {
			isa = PBXFrameworksBuildPhase;
			buildActionMask = 2147483647;
			files = (
			);
			runOnlyForDeploymentPostprocessing = 0;
		};
/* End PBXFrameworksBuildPhase section */

/* Begin PBXGroup section */
		3D27DC8328E9A02200C9A6B0 = {
			isa = PBXGroup;
			children = (
				3D27DC8E28E9A02200C9A6B0 /* list */,
				3D27DCA528E9A02300C9A6B0 /* listTests */,
				3D27DCAF28E9A02300C9A6B0 /* listUITests */,
				3D27DC8D28E9A02200C9A6B0 /* Products */,
			);
			sourceTree = "<group>";
		};
		3D27DC8D28E9A02200C9A6B0 /* Products */ = {
			isa = PBXGroup;
			children = (
				3D27DC8C28E9A02200C9A6B0 /* list.app */,
				3D27DCA228E9A02300C9A6B0 /* listTests.xctest */,
				3D27DCAC28E9A02300C9A6B0 /* listUITests.xctest */,
			);
			name = Products;
			sourceTree = "<group>";
		};
		3D27DC8E28E9A02200C9A6B0 /* list */ = {
			isa = PBXGroup;
			children = (
				3D27DC8F28E9A02200C9A6B0 /* AppDelegate.swift */,
				3D27DC9128E9A02200C9A6B0 /* SceneDelegate.swift */,
				3D27DC9328E9A02200C9A6B0 /* ViewController.swift */,
				3D27DC9528E9A02200C9A6B0 /* Main.storyboard */,
				3D27DC9828E9A02300C9A6B0 /* Assets.xcassets */,
				3D27DC9A28E9A02300C9A6B0 /* LaunchScreen.storyboard */,
				3D27DC9D28E9A02300C9A6B0 /* Info.plist */,
				3D27DCBF28EC485000C9A6B0 /* memo.swift */,
				3D27DCC328EC4B8900C9A6B0 /* TableViewController.swift */,
			);
			path = list;
			sourceTree = "<group>";
		};
		3D27DCA528E9A02300C9A6B0 /* listTests */ = {
			isa = PBXGroup;
			children = (
				3D27DCA628E9A02300C9A6B0 /* listTests.swift */,
			);
			path = listTests;
			sourceTree = "<group>";
		};
		3D27DCAF28E9A02300C9A6B0 /* listUITests */ = {
			isa = PBXGroup;
			children = (
				3D27DCB028E9A02300C9A6B0 /* listUITests.swift */,
				3D27DCB228E9A02300C9A6B0 /* listUITestsLaunchTests.swift */,
			);
			path = listUITests;
			sourceTree = "<group>";
		};
/* End PBXGroup section */

/* Begin PBXNativeTarget section */
		3D27DC8B28E9A02200C9A6B0 /* list */ = {
			isa = PBXNativeTarget;
			buildConfigurationList = 3D27DCB628E9A02300C9A6B0 /* Build configuration list for PBXNativeTarget "list" */;
			buildPhases = (
				3D27DC8828E9A02200C9A6B0 /* Sources */,
				3D27DC8928E9A02200C9A6B0 /* Frameworks */,
				3D27DC8A28E9A02200C9A6B0 /* Resources */,
			);
			buildRules = (
			);
			dependencies = (
			);
			name = list;
			productName = list;
			productReference = 3D27DC8C28E9A02200C9A6B0 /* list.app */;
			productType = "com.apple.product-type.application";
		};
		3D27DCA128E9A02300C9A6B0 /* listTests */ = {
			isa = PBXNativeTarget;
			buildConfigurationList = 3D27DCB928E9A02300C9A6B0 /* Build configuration list for PBXNativeTarget "listTests" */;
			buildPhases = (
				3D27DC9E28E9A02300C9A6B0 /* Sources */,
				3D27DC9F28E9A02300C9A6B0 /* Frameworks */,
				3D27DCA028E9A02300C9A6B0 /* Resources */,
			);
			buildRules = (
			);
			dependencies = (
				3D27DCA428E9A02300C9A6B0 /* PBXTargetDependency */,
			);
			name = listTests;
			productName = listTests;
			productReference = 3D27DCA228E9A02300C9A6B0 /* listTests.xctest */;
			productType = "com.apple.product-type.bundle.unit-test";
		};
		3D27DCAB28E9A02300C9A6B0 /* listUITests */ = {
			isa = PBXNativeTarget;
			buildConfigurationList = 3D27DCBC28E9A02300C9A6B0 /* Build configuration list for PBXNativeTarget "listUITests" */;
			buildPhases = (
				3D27DCA828E9A02300C9A6B0 /* Sources */,
				3D27DCA928E9A02300C9A6B0 /* Frameworks */,
				3D27DCAA28E9A02300C9A6B0 /* Resources */,
			);
			buildRules = (
			);
			dependencies = (
				3D27DCAE28E9A02300C9A6B0 /* PBXTargetDependency */,
			);
			name = listUITests;
			productName = listUITests;
			productReference = 3D27DCAC28E9A02300C9A6B0 /* listUITests.xctest */;
			productType = "com.apple.product-type.bundle.ui-testing";
		};
/* End PBXNativeTarget section */

/* Begin PBXProject section */
		3D27DC8428E9A02200C9A6B0 /* Project object */ = {
			isa = PBXProject;
			attributes = {
				BuildIndependentTargetsInParallel = 1;
				LastSwiftUpdateCheck = 1340;
				LastUpgradeCheck = 1340;
				TargetAttributes = {
					3D27DC8B28E9A02200C9A6B0 = {
						CreatedOnToolsVersion = 13.4.1;
					};
					3D27DCA128E9A02300C9A6B0 = {
						CreatedOnToolsVersion = 13.4.1;
						TestTargetID = 3D27DC8B28E9A02200C9A6B0;
					};
					3D27DCAB28E9A02300C9A6B0 = {
						CreatedOnToolsVersion = 13.4.1;
						TestTargetID = 3D27DC8B28E9A02200C9A6B0;
					};
				};
			};
			buildConfigurationList = 3D27DC8728E9A02200C9A6B0 /* Build configuration list for PBXProject "list" */;
			compatibilityVersion = "Xcode 13.0";
			developmentRegion = en;
			hasScannedForEncodings = 0;
			knownRegions = (
				en,
				Base,
			);
			mainGroup = 3D27DC8328E9A02200C9A6B0;
			productRefGroup = 3D27DC8D28E9A02200C9A6B0 /* Products */;
			projectDirPath = "";
			projectRoot = "";
			targets = (
				3D27DC8B28E9A02200C9A6B0 /* list */,
				3D27DCA128E9A02300C9A6B0 /* listTests */,
				3D27DCAB28E9A02300C9A6B0 /* listUITests */,
			);
		};
/* End PBXProject section */

/* Begin PBXResourcesBuildPhase section */
		3D27DC8A28E9A02200C9A6B0 /* Resources */ = {
			isa = PBXResourcesBuildPhase;
			buildActionMask = 2147483647;
			files = (
				3D27DC9C28E9A02300C9A6B0 /* LaunchScreen.storyboard in Resources */,
				3D27DC9928E9A02300C9A6B0 /* Assets.xcassets in Resources */,
				3D27DC9728E9A02200C9A6B0 /* Main.storyboard in Resources */,
			);
			runOnlyForDeploymentPostprocessing = 0;
		};
		3D27DCA028E9A02300C9A6B0 /* Resources */ = {
			isa = PBXResourcesBuildPhase;
			buildActionMask = 2147483647;
			files = (
			);
			runOnlyForDeploymentPostprocessing = 0;
		};
		3D27DCAA28E9A02300C9A6B0 /* Resources */ = {
			isa = PBXResourcesBuildPhase;
			buildActionMask = 2147483647;
			files = (
			);
			runOnlyForDeploymentPostprocessing = 0;
		};
/* End PBXResourcesBuildPhase section */

/* Begin PBXSourcesBuildPhase section */
		3D27DC8828E9A02200C9A6B0 /* Sources */ = {
			isa = PBXSourcesBuildPhase;
			buildActionMask = 2147483647;
			files = (
				3D27DC9428E9A02200C9A6B0 /* ViewController.swift in Sources */,
				3D27DC9028E9A02200C9A6B0 /* AppDelegate.swift in Sources */,
				3D27DC9228E9A02200C9A6B0 /* SceneDelegate.swift in Sources */,
				3D27DCC428EC4B8900C9A6B0 /* TableViewController.swift in Sources */,
				3D27DCC028EC485000C9A6B0 /* memo.swift in Sources */,
			);
			runOnlyForDeploymentPostprocessing = 0;
		};
		3D27DC9E28E9A02300C9A6B0 /* Sources */ = {
			isa = PBXSourcesBuildPhase;
			buildActionMask = 2147483647;
			files = (
				3D27DCA728E9A02300C9A6B0 /* listTests.swift in Sources */,
			);
			runOnlyForDeploymentPostprocessing = 0;
		};
		3D27DCA828E9A02300C9A6B0 /* Sources */ = {
			isa = PBXSourcesBuildPhase;
			buildActionMask = 2147483647;
			files = (
				3D27DCB328E9A02300C9A6B0 /* listUITestsLaunchTests.swift in Sources */,
				3D27DCB128E9A02300C9A6B0 /* listUITests.swift in Sources */,
			);
			runOnlyForDeploymentPostprocessing = 0;
		};
/* End PBXSourcesBuildPhase section */

/* Begin PBXTargetDependency section */
		3D27DCA428E9A02300C9A6B0 /* PBXTargetDependency */ = {
			isa = PBXTargetDependency;
			target = 3D27DC8B28E9A02200C9A6B0 /* list */;
			targetProxy = 3D27DCA328E9A02300C9A6B0 /* PBXContainerItemProxy */;
		};
		3D27DCAE28E9A02300C9A6B0 /* PBXTargetDependency */ = {
			isa = PBXTargetDependency;
			target = 3D27DC8B28E9A02200C9A6B0 /* list */;
			targetProxy = 3D27DCAD28E9A02300C9A6B0 /* PBXContainerItemProxy */;
		};
/* End PBXTargetDependency section */

/* Begin PBXVariantGroup section */
		3D27DC9528E9A02200C9A6B0 /* Main.storyboard */ = {
			isa = PBXVariantGroup;
			children = (
				3D27DC9628E9A02200C9A6B0 /* Base */,
			);
			name = Main.storyboard;
			sourceTree = "<group>";
		};
		3D27DC9A28E9A02300C9A6B0 /* LaunchScreen.storyboard */ = {
			isa = PBXVariantGroup;
			children = (
				3D27DC9B28E9A02300C9A6B0 /* Base */,
			);
			name = LaunchScreen.storyboard;
			sourceTree = "<group>";
		};
/* End PBXVariantGroup section */

/* Begin XCBuildConfiguration section */
		3D27DCB428E9A02300C9A6B0 /* Debug */ = {
			isa = XCBuildConfiguration;
			buildSettings = {
				ALWAYS_SEARCH_USER_PATHS = NO;
				CLANG_ANALYZER_NONNULL = YES;
				CLANG_ANALYZER_NUMBER_OBJECT_CONVERSION = YES_AGGRESSIVE;
				CLANG_CXX_LANGUAGE_STANDARD = "gnu++17";
				CLANG_ENABLE_MODULES = YES;
				CLANG_ENABLE_OBJC_ARC = YES;
				CLANG_ENABLE_OBJC_WEAK = YES;
				CLANG_WARN_BLOCK_CAPTURE_AUTORELEASING = YES;
				CLANG_WARN_BOOL_CONVERSION = YES;
				CLANG_WARN_COMMA = YES;
				CLANG_WARN_CONSTANT_CONVERSION = YES;
				CLANG_WARN_DEPRECATED_OBJC_IMPLEMENTATIONS = YES;
				CLANG_WARN_DIRECT_OBJC_ISA_USAGE = YES_ERROR;
				CLANG_WARN_DOCUMENTATION_COMMENTS = YES;
				CLANG_WARN_EMPTY_BODY = YES;
				CLANG_WARN_ENUM_CONVERSION = YES;
				CLANG_WARN_INFINITE_RECURSION = YES;
				CLANG_WARN_INT_CONVERSION = YES;
				CLANG_WARN_NON_LITERAL_NULL_CONVERSION = YES;
				CLANG_WARN_OBJC_IMPLICIT_RETAIN_SELF = YES;
				CLANG_WARN_OBJC_LITERAL_CONVERSION = YES;
				CLANG_WARN_OBJC_ROOT_CLASS = YES_ERROR;
				CLANG_WARN_QUOTED_INCLUDE_IN_FRAMEWORK_HEADER = YES;
				CLANG_WARN_RANGE_LOOP_ANALYSIS = YES;
				CLANG_WARN_STRICT_PROTOTYPES = YES;
				CLANG_WARN_SUSPICIOUS_MOVE = YES;
				CLANG_WARN_UNGUARDED_AVAILABILITY = YES_AGGRESSIVE;
				CLANG_WARN_UNREACHABLE_CODE = YES;
				CLANG_WARN__DUPLICATE_METHOD_MATCH = YES;
				COPY_PHASE_STRIP = NO;
				DEBUG_INFORMATION_FORMAT = dwarf;
				ENABLE_STRICT_OBJC_MSGSEND = YES;
				ENABLE_TESTABILITY = YES;
				GCC_C_LANGUAGE_STANDARD = gnu11;
				GCC_DYNAMIC_NO_PIC = NO;
				GCC_NO_COMMON_BLOCKS = YES;
				GCC_OPTIMIZATION_LEVEL = 0;
				GCC_PREPROCESSOR_DEFINITIONS = (
					"DEBUG=1",
					"$(inherited)",
				);
				GCC_WARN_64_TO_32_BIT_CONVERSION = YES;
				GCC_WARN_ABOUT_RETURN_TYPE = YES_ERROR;
				GCC_WARN_UNDECLARED_SELECTOR = YES;
				GCC_WARN_UNINITIALIZED_AUTOS = YES_AGGRESSIVE;
				GCC_WARN_UNUSED_FUNCTION = YES;
				GCC_WARN_UNUSED_VARIABLE = YES;
				IPHONEOS_DEPLOYMENT_TARGET = 15.5;
				MTL_ENABLE_DEBUG_INFO = INCLUDE_SOURCE;
				MTL_FAST_MATH = YES;
				ONLY_ACTIVE_ARCH = YES;
				SDKROOT = iphoneos;
				SWIFT_ACTIVE_COMPILATION_CONDITIONS = DEBUG;
				SWIFT_OPTIMIZATION_LEVEL = "-Onone";
			};
			name = Debug;
		};
		3D27DCB528E9A02300C9A6B0 /* Release */ = {
			isa = XCBuildConfiguration;
			buildSettings = {
				ALWAYS_SEARCH_USER_PATHS = NO;
				CLANG_ANALYZER_NONNULL = YES;
				CLANG_ANALYZER_NUMBER_OBJECT_CONVERSION = YES_AGGRESSIVE;
				CLANG_CXX_LANGUAGE_STANDARD = "gnu++17";
				CLANG_ENABLE_MODULES = YES;
				CLANG_ENABLE_OBJC_ARC = YES;
				CLANG_ENABLE_OBJC_WEAK = YES;
				CLANG_WARN_BLOCK_CAPTURE_AUTORELEASING = YES;
				CLANG_WARN_BOOL_CONVERSION = YES;
				CLANG_WARN_COMMA = YES;
				CLANG_WARN_CONSTANT_CONVERSION = YES;
				CLANG_WARN_DEPRECATED_OBJC_IMPLEMENTATIONS = YES;
				CLANG_WARN_DIRECT_OBJC_ISA_USAGE = YES_ERROR;
				CLANG_WARN_DOCUMENTATION_COMMENTS = YES;
				CLANG_WARN_EMPTY_BODY = YES;
				CLANG_WARN_ENUM_CONVERSION = YES;
				CLANG_WARN_INFINITE_RECURSION = YES;
				CLANG_WARN_INT_CONVERSION = YES;
				CLANG_WARN_NON_LITERAL_NULL_CONVERSION = YES;
				CLANG_WARN_OBJC_IMPLICIT_RETAIN_SELF = YES;
				CLANG_WARN_OBJC_LITERAL_CONVERSION = YES;
				CLANG_WARN_OBJC_ROOT_CLASS = YES_ERROR;
				CLANG_WARN_QUOTED_INCLUDE_IN_FRAMEWORK_HEADER = YES;
				CLANG_WARN_RANGE_LOOP_ANALYSIS = YES;
				CLANG_WARN_STRICT_PROTOTYPES = YES;
				CLANG_WARN_SUSPICIOUS_MOVE = YES;
				CLANG_WARN_UNGUARDED_AVAILABILITY = YES_AGGRESSIVE;
				CLANG_WARN_UNREACHABLE_CODE = YES;
				CLANG_WARN__DUPLICATE_METHOD_MATCH = YES;
				COPY_PHASE_STRIP = NO;
				DEBUG_INFORMATION_FORMAT = "dwarf-with-dsym";
				ENABLE_NS_ASSERTIONS = NO;
				ENABLE_STRICT_OBJC_MSGSEND = YES;
				GCC_C_LANGUAGE_STANDARD = gnu11;
				GCC_NO_COMMON_BLOCKS = YES;
				GCC_WARN_64_TO_32_BIT_CONVERSION = YES;
				GCC_WARN_ABOUT_RETURN_TYPE = YES_ERROR;
				GCC_WARN_UNDECLARED_SELECTOR = YES;
				GCC_WARN_UNINITIALIZED_AUTOS = YES_AGGRESSIVE;
				GCC_WARN_UNUSED_FUNCTION = YES;
				GCC_WARN_UNUSED_VARIABLE = YES;
				IPHONEOS_DEPLOYMENT_TARGET = 15.5;
				MTL_ENABLE_DEBUG_INFO = NO;
				MTL_FAST_MATH = YES;
				SDKROOT = iphoneos;
				SWIFT_COMPILATION_MODE = wholemodule;
				SWIFT_OPTIMIZATION_LEVEL = "-O";
				VALIDATE_PRODUCT = YES;
			};
			name = Release;
		};
		3D27DCB728E9A02300C9A6B0 /* Debug */ = {
			isa = XCBuildConfiguration;
			buildSettings = {
				ASSETCATALOG_COMPILER_APPICON_NAME = AppIcon;
				ASSETCATALOG_COMPILER_GLOBAL_ACCENT_COLOR_NAME = AccentColor;
				CODE_SIGN_STYLE = Automatic;
				CURRENT_PROJECT_VERSION = 1;
				DEVELOPMENT_TEAM = 6WZYJKR3V9;
				GENERATE_INFOPLIST_FILE = YES;
				INFOPLIST_FILE = list/Info.plist;
				INFOPLIST_KEY_UIApplicationSupportsIndirectInputEvents = YES;
				INFOPLIST_KEY_UILaunchStoryboardName = LaunchScreen;
				INFOPLIST_KEY_UIMainStoryboardFile = Main;
				INFOPLIST_KEY_UISupportedInterfaceOrientations_iPad = "UIInterfaceOrientationPortrait UIInterfaceOrientationPortraitUpsideDown UIInterfaceOrientationLandscapeLeft UIInterfaceOrientationLandscapeRight";
				INFOPLIST_KEY_UISupportedInterfaceOrientations_iPhone = "UIInterfaceOrientationPortrait UIInterfaceOrientationLandscapeLeft UIInterfaceOrientationLandscapeRight";
				LD_RUNPATH_SEARCH_PATHS = (
					"$(inherited)",
					"@executable_path/Frameworks",
				);
				MARKETING_VERSION = 1.0;
				PRODUCT_BUNDLE_IDENTIFIER = com.kxcoding.list;
				PRODUCT_NAME = "$(TARGET_NAME)";
				SWIFT_EMIT_LOC_STRINGS = YES;
				SWIFT_VERSION = 5.0;
				TARGETED_DEVICE_FAMILY = "1,2";
			};
			name = Debug;
		};
		3D27DCB828E9A02300C9A6B0 /* Release */ = {
			isa = XCBuildConfiguration;
			buildSettings = {
				ASSETCATALOG_COMPILER_APPICON_NAME = AppIcon;
				ASSETCATALOG_COMPILER_GLOBAL_ACCENT_COLOR_NAME = AccentColor;
				CODE_SIGN_STYLE = Automatic;
				CURRENT_PROJECT_VERSION = 1;
				DEVELOPMENT_TEAM = 6WZYJKR3V9;
				GENERATE_INFOPLIST_FILE = YES;
				INFOPLIST_FILE = list/Info.plist;
				INFOPLIST_KEY_UIApplicationSupportsIndirectInputEvents = YES;
				INFOPLIST_KEY_UILaunchStoryboardName = LaunchScreen;
				INFOPLIST_KEY_UIMainStoryboardFile = Main;
				INFOPLIST_KEY_UISupportedInterfaceOrientations_iPad = "UIInterfaceOrientationPortrait UIInterfaceOrientationPortraitUpsideDown UIInterfaceOrientationLandscapeLeft UIInterfaceOrientationLandscapeRight";
				INFOPLIST_KEY_UISupportedInterfaceOrientations_iPhone = "UIInterfaceOrientationPortrait UIInterfaceOrientationLandscapeLeft UIInterfaceOrientationLandscapeRight";
				LD_RUNPATH_SEARCH_PATHS = (
					"$(inherited)",
					"@executable_path/Frameworks",
				);
				MARKETING_VERSION = 1.0;
				PRODUCT_BUNDLE_IDENTIFIER = com.kxcoding.list;
				PRODUCT_NAME = "$(TARGET_NAME)";
				SWIFT_EMIT_LOC_STRINGS = YES;
				SWIFT_VERSION = 5.0;
				TARGETED_DEVICE_FAMILY = "1,2";
			};
			name = Release;
		};
		3D27DCBA28E9A02300C9A6B0 /* Debug */ = {
			isa = XCBuildConfiguration;
			buildSettings = {
				ALWAYS_EMBED_SWIFT_STANDARD_LIBRARIES = YES;
				BUNDLE_LOADER = "$(TEST_HOST)";
				CODE_SIGN_STYLE = Automatic;
				CURRENT_PROJECT_VERSION = 1;
				DEVELOPMENT_TEAM = 6WZYJKR3V9;
				GENERATE_INFOPLIST_FILE = YES;
				IPHONEOS_DEPLOYMENT_TARGET = 15.5;
				MARKETING_VERSION = 1.0;
				PRODUCT_BUNDLE_IDENTIFIER = com.kxcoding.listTests;
				PRODUCT_NAME = "$(TARGET_NAME)";
				SWIFT_EMIT_LOC_STRINGS = NO;
				SWIFT_VERSION = 5.0;
				TARGETED_DEVICE_FAMILY = "1,2";
				TEST_HOST = "$(BUILT_PRODUCTS_DIR)/list.app/list";
			};
			name = Debug;
		};
		3D27DCBB28E9A02300C9A6B0 /* Release */ = {
			isa = XCBuildConfiguration;
			buildSettings = {
				ALWAYS_EMBED_SWIFT_STANDARD_LIBRARIES = YES;
				BUNDLE_LOADER = "$(TEST_HOST)";
				CODE_SIGN_STYLE = Automatic;
				CURRENT_PROJECT_VERSION = 1;
				DEVELOPMENT_TEAM = 6WZYJKR3V9;
				GENERATE_INFOPLIST_FILE = YES;
				IPHONEOS_DEPLOYMENT_TARGET = 15.5;
				MARKETING_VERSION = 1.0;
				PRODUCT_BUNDLE_IDENTIFIER = com.kxcoding.listTests;
				PRODUCT_NAME = "$(TARGET_NAME)";
				SWIFT_EMIT_LOC_STRINGS = NO;
				SWIFT_VERSION = 5.0;
				TARGETED_DEVICE_FAMILY = "1,2";
				TEST_HOST = "$(BUILT_PRODUCTS_DIR)/list.app/list";
			};
			name = Release;
		};
		3D27DCBD28E9A02300C9A6B0 /* Debug */ = {
			isa = XCBuildConfiguration;
			buildSettings = {
				ALWAYS_EMBED_SWIFT_STANDARD_LIBRARIES = YES;
				CODE_SIGN_STYLE = Automatic;
				CURRENT_PROJECT_VERSION = 1;
				DEVELOPMENT_TEAM = 6WZYJKR3V9;
				GENERATE_INFOPLIST_FILE = YES;
				MARKETING_VERSION = 1.0;
				PRODUCT_BUNDLE_IDENTIFIER = com.kxcoding.listUITests;
				PRODUCT_NAME = "$(TARGET_NAME)";
				SWIFT_EMIT_LOC_STRINGS = NO;
				SWIFT_VERSION = 5.0;
				TARGETED_DEVICE_FAMILY = "1,2";
				TEST_TARGET_NAME = list;
			};
			name = Debug;
		};
		3D27DCBE28E9A02300C9A6B0 /* Release */ = {
			isa = XCBuildConfiguration;
			buildSettings = {
				ALWAYS_EMBED_SWIFT_STANDARD_LIBRARIES = YES;
				CODE_SIGN_STYLE = Automatic;
				CURRENT_PROJECT_VERSION = 1;
				DEVELOPMENT_TEAM = 6WZYJKR3V9;
				GENERATE_INFOPLIST_FILE = YES;
				MARKETING_VERSION = 1.0;
				PRODUCT_BUNDLE_IDENTIFIER = com.kxcoding.listUITests;
				PRODUCT_NAME = "$(TARGET_NAME)";
				SWIFT_EMIT_LOC_STRINGS = NO;
				SWIFT_VERSION = 5.0;
				TARGETED_DEVICE_FAMILY = "1,2";
				TEST_TARGET_NAME = list;
			};
			name = Release;
		};
/* End XCBuildConfiguration section */

/* Begin XCConfigurationList section */
		3D27DC8728E9A02200C9A6B0 /* Build configuration list for PBXProject "list" */ = {
			isa = XCConfigurationList;
			buildConfigurations = (
				3D27DCB428E9A02300C9A6B0 /* Debug */,
				3D27DCB528E9A02300C9A6B0 /* Release */,
			);
			defaultConfigurationIsVisible = 0;
			defaultConfigurationName = Release;
		};
		3D27DCB628E9A02300C9A6B0 /* Build configuration list for PBXNativeTarget "list" */ = {
			isa = XCConfigurationList;
			buildConfigurations = (
				3D27DCB728E9A02300C9A6B0 /* Debug */,
				3D27DCB828E9A02300C9A6B0 /* Release */,
			);
			defaultConfigurationIsVisible = 0;
			defaultConfigurationName = Release;
		};
		3D27DCB928E9A02300C9A6B0 /* Build configuration list for PBXNativeTarget "listTests" */ = {
			isa = XCConfigurationList;
			buildConfigurations = (
				3D27DCBA28E9A02300C9A6B0 /* Debug */,
				3D27DCBB28E9A02300C9A6B0 /* Release */,
			);
			defaultConfigurationIsVisible = 0;
			defaultConfigurationName = Release;
		};
		3D27DCBC28E9A02300C9A6B0 /* Build configuration list for PBXNativeTarget "listUITests" */ = {
			isa = XCConfigurationList;
			buildConfigurations = (
				3D27DCBD28E9A02300C9A6B0 /* Debug */,
				3D27DCBE28E9A02300C9A6B0 /* Release */,
			);
			defaultConfigurationIsVisible = 0;
			defaultConfigurationName = Release;
		};
/* End XCConfigurationList section */
	};
	rootObject = 3D27DC8428E9A02200C9A6B0 /* Project object */;
}
